
Microsoft Visual Studio Solution File, Format Version 12.00
# Visual Studio Version 17
VisualStudioVersion = 17.7.34202.233
MinimumVisualStudioVersion = 10.0.40219.1
Project("{FAE04EC0-301F-11D3-BF4B-00C04F79EFBC}") = "CollectionsAndSortingAlgorithms", "CollectionsAndSortingAlgorithms\CollectionsAndSortingAlgorithms.csproj", "{A3BF8D98-E73E-406A-97CE-7288D46C4DF4}"
EndProject
Global
	GlobalSection(SolutionConfigurationPlatforms) = preSolution
		Debug|Any CPU = Debug|Any CPU
		Release|Any CPU = Release|Any CPU
	EndGlobalSection
	GlobalSection(ProjectConfigurationPlatforms) = postSolution
		{A3BF8D98-E73E-406A-97CE-7288D46C4DF4}.Debug|Any CPU.ActiveCfg = Debug|Any CPU
		{A3BF8D98-E73E-406A-97CE-7288D46C4DF4}.Debug|Any CPU.Build.0 = Debug|Any CPU
		{A3BF8D98-E73E-406A-97CE-7288D46C4DF4}.Release|Any CPU.ActiveCfg = Release|Any CPU
		{A3BF8D98-E73E-406A-97CE-7288D46C4DF4}.Release|Any CPU.Build.0 = Release|Any CPU
	EndGlobalSection
	GlobalSection(SolutionProperties) = preSolution
		HideSolutionNode = FALSE
	EndGlobalSection
	GlobalSection(ExtensibilityGlobals) = postSolution
		SolutionGuid = {F2D2C85B-61ED-4C3D-B4AB-5D0AEAA7DCD2}
	EndGlobalSection
EndGlobal
